
Microsoft Visual Studio Solution File, Format Version 12.00
# Visual Studio Version 17
VisualStudioVersion = 17.9.34701.34
MinimumVisualStudioVersion = 10.0.40219.1
Project("{FAE04EC0-301F-11D3-BF4B-00C04F79EFBC}") = "LFA.Lab4", "LFA.Lab4.csproj", "{679570B2-B7B4-4FA4-B04A-8F8774F84660}"
EndProject
Global
	GlobalSection(SolutionConfigurationPlatforms) = preSolution
		Debug|Any CPU = Debug|Any CPU
		Release|Any CPU = Release|Any CPU
	EndGlobalSection
	GlobalSection(ProjectConfigurationPlatforms) = postSolution
		{679570B2-B7B4-4FA4-B04A-8F8774F84660}.Debug|Any CPU.ActiveCfg = Debug|Any CPU
		{679570B2-B7B4-4FA4-B04A-8F8774F84660}.Debug|Any CPU.Build.0 = Debug|Any CPU
		{679570B2-B7B4-4FA4-B04A-8F8774F84660}.Release|Any CPU.ActiveCfg = Release|Any CPU
		{679570B2-B7B4-4FA4-B04A-8F8774F84660}.Release|Any CPU.Build.0 = Release|Any CPU
	EndGlobalSection
	GlobalSection(SolutionProperties) = preSolution
		HideSolutionNode = FALSE
	EndGlobalSection
	GlobalSection(ExtensibilityGlobals) = postSolution
		SolutionGuid = {5A54CFA8-5E9B-4CA9-B11A-59B0D8D4DF8E}
	EndGlobalSection
EndGlobal
